
Microsoft Visual Studio Solution File, Format Version 12.00
# Visual Studio 14
VisualStudioVersion = 14.0.25123.0
MinimumVisualStudioVersion = 10.0.40219.1
Project("{FAE04EC0-301F-11D3-BF4B-00C04F79EFBC}") = "VKAPIUtilities.VKAPIAdapterUsageExample", "VKAPIUtilities.VKAPIAdapterUsageExample\VKAPIUtilities.VKAPIAdapterUsageExample.csproj", "{6DBBFBF4-4B83-445D-8331-48270564BB3C}"
EndProject
Project("{FAE04EC0-301F-11D3-BF4B-00C04F79EFBC}") = "VKAPIUtilities.VKAPIAdapter", "VKAPIUtilities.VKAPIAdapter\VKAPIUtilities.VKAPIAdapter.csproj", "{2EFF65D0-3FCD-426A-A87C-29A6B48D73D9}"
EndProject
Global
	GlobalSection(SolutionConfigurationPlatforms) = preSolution
		Debug|Any CPU = Debug|Any CPU
		Release|Any CPU = Release|Any CPU
	EndGlobalSection
	GlobalSection(ProjectConfigurationPlatforms) = postSolution
		{6DBBFBF4-4B83-445D-8331-48270564BB3C}.Debug|Any CPU.ActiveCfg = Debug|Any CPU
		{6DBBFBF4-4B83-445D-8331-48270564BB3C}.Debug|Any CPU.Build.0 = Debug|Any CPU
		{6DBBFBF4-4B83-445D-8331-48270564BB3C}.Release|Any CPU.ActiveCfg = Release|Any CPU
		{6DBBFBF4-4B83-445D-8331-48270564BB3C}.Release|Any CPU.Build.0 = Release|Any CPU
		{2EFF65D0-3FCD-426A-A87C-29A6B48D73D9}.Debug|Any CPU.ActiveCfg = Debug|Any CPU
		{2EFF65D0-3FCD-426A-A87C-29A6B48D73D9}.Debug|Any CPU.Build.0 = Debug|Any CPU
		{2EFF65D0-3FCD-426A-A87C-29A6B48D73D9}.Release|Any CPU.ActiveCfg = Release|Any CPU
		{2EFF65D0-3FCD-426A-A87C-29A6B48D73D9}.Release|Any CPU.Build.0 = Release|Any CPU
	EndGlobalSection
	GlobalSection(SolutionProperties) = preSolution
		HideSolutionNode = FALSE
	EndGlobalSection
EndGlobal
